
Microsoft Visual Studio Solution File, Format Version 12.00
# Visual Studio 15
VisualStudioVersion = 15.0.27428.2027
MinimumVisualStudioVersion = 10.0.40219.1
Project("{E24C65DC-7377-472B-9ABA-BC803B73C61A}") = "DBMGMT", "DBMGMT\", "{24F8639F-F272-4D5B-B9A6-72FAFB8FE9EF}"
	ProjectSection(WebsiteProperties) = preProject
		TargetFrameworkMoniker = ".NETFramework,Version%3Dv4.6.1"
		Debug.AspNetCompiler.VirtualPath = "/localhost_56398"
		Debug.AspNetCompiler.PhysicalPath = "DBMGMT\"
		Debug.AspNetCompiler.TargetPath = "PrecompiledWeb\localhost_56398\"
		Debug.AspNetCompiler.Updateable = "true"
		Debug.AspNetCompiler.ForceOverwrite = "true"
		Debug.AspNetCompiler.FixedNames = "false"
		Debug.AspNetCompiler.Debug = "True"
		Release.AspNetCompiler.VirtualPath = "/localhost_56398"
		Release.AspNetCompiler.PhysicalPath = "DBMGMT\"
		Release.AspNetCompiler.TargetPath = "PrecompiledWeb\localhost_56398\"
		Release.AspNetCompiler.Updateable = "true"
		Release.AspNetCompiler.ForceOverwrite = "true"
		Release.AspNetCompiler.FixedNames = "false"
		Release.AspNetCompiler.Debug = "False"
		VWDPort = "56398"
		SlnRelativePath = "DBMGMT\"
		DefaultWebSiteLanguage = "Visual C#"
	EndProjectSection
EndProject
Global
	GlobalSection(SolutionConfigurationPlatforms) = preSolution
		Debug|Any CPU = Debug|Any CPU
	EndGlobalSection
	GlobalSection(ProjectConfigurationPlatforms) = postSolution
		{24F8639F-F272-4D5B-B9A6-72FAFB8FE9EF}.Debug|Any CPU.ActiveCfg = Debug|Any CPU
		{24F8639F-F272-4D5B-B9A6-72FAFB8FE9EF}.Debug|Any CPU.Build.0 = Debug|Any CPU
	EndGlobalSection
	GlobalSection(SolutionProperties) = preSolution
		HideSolutionNode = FALSE
	EndGlobalSection
	GlobalSection(ExtensibilityGlobals) = postSolution
		SolutionGuid = {A1A0F685-97F1-4225-B471-DFE1DB840087}
	EndGlobalSection
EndGlobal
